#MicroXplorer Configuration settings - do not modify
ADC1.Channel-0\#ChannelRegularConversion=ADC_CHANNEL_7
ADC1.CommonPathInternal=null|null|null|null
ADC1.IPParameters=Rank-0\#ChannelRegularConversion,Channel-0\#ChannelRegularConversion,SamplingTime-0\#ChannelRegularConversion,OffsetNumber-0\#ChannelRegularConversion,NbrOfConversionFlag,master,CommonPathInternal
ADC1.NbrOfConversionFlag=1
ADC1.OffsetNumber-0\#ChannelRegularConversion=ADC_OFFSET_NONE
ADC1.Rank-0\#ChannelRegularConversion=1
ADC1.SamplingTime-0\#ChannelRegularConversion=ADC_SAMPLETIME_2CYCLES_5
ADC1.master=1
CAD.formats=
CAD.pinconfig=
CAD.provider=
CAN1.CalculateBaudRate=83333
CAN1.CalculateTimeBit=12000
CAN1.CalculateTimeQuantum=4000.0
CAN1.IPParameters=CalculateTimeQuantum,CalculateTimeBit,CalculateBaudRate
File.Version=6
GPIO.groupedBy=
I2C1.IPParameters=Timing
I2C1.Timing=0x00100D14
I2C2.IPParameters=Timing
I2C2.Timing=0x00100D14
I2C3.IPParameters=Timing
I2C3.Timing=0x00100D14
KeepUserPlacement=false
Mcu.CPN=STM32L452RET6
Mcu.Family=STM32L4
Mcu.IP0=ADC1
Mcu.IP1=CAN1
Mcu.IP10=SYS
Mcu.IP2=I2C1
Mcu.IP3=I2C2
Mcu.IP4=I2C3
Mcu.IP5=NVIC
Mcu.IP6=RCC
Mcu.IP7=SPI1
Mcu.IP8=SPI2
Mcu.IP9=SPI3
Mcu.IPNb=11
Mcu.Name=STM32L452R(C-E)Tx
Mcu.Package=LQFP64
Mcu.Pin0=PC13
Mcu.Pin1=PC15-OSC32_OUT (PC15)
Mcu.Pin10=PB10
Mcu.Pin11=PB11
Mcu.Pin12=PB12
Mcu.Pin13=PB13
Mcu.Pin14=PB14
Mcu.Pin15=PB15
Mcu.Pin16=PC6
Mcu.Pin17=PC7
Mcu.Pin18=PC8
Mcu.Pin19=PC9
Mcu.Pin2=NRST
Mcu.Pin20=PA8
Mcu.Pin21=PA9
Mcu.Pin22=PA10
Mcu.Pin23=PA11
Mcu.Pin24=PA12
Mcu.Pin25=PA13 (JTMS/SWDIO)
Mcu.Pin26=PA14 (JTCK/SWCLK)
Mcu.Pin27=PA15 (JTDI)
Mcu.Pin28=PC10
Mcu.Pin29=PC11
Mcu.Pin3=PC0
Mcu.Pin30=PC12
Mcu.Pin31=PB3 (JTDO/TRACESWO)
Mcu.Pin32=PB4 (NJTRST)
Mcu.Pin33=PB5
Mcu.Pin34=PB6
Mcu.Pin35=PB7
Mcu.Pin36=PH3-BOOT0 (BOOT0)
Mcu.Pin37=VP_SYS_VS_Systick
Mcu.Pin4=PC1
Mcu.Pin5=PA0
Mcu.Pin6=PA1
Mcu.Pin7=PA2
Mcu.Pin8=PA6
Mcu.Pin9=PA7
Mcu.PinsNb=38
Mcu.ThirdPartyNb=0
Mcu.UserConstants=
Mcu.UserName=STM32L452RETx
MxCube.Version=6.18.0
MxDb.Version=DB.6.0.180
NRST.Locked=true
NVIC.BusFault_IRQn=true\:0\:0\:false\:false\:true\:false\:false\:false
NVIC.DebugMonitor_IRQn=true\:0\:0\:false\:false\:true\:false\:false\:false
NVIC.ForceEnableDMAVector=true
NVIC.HardFault_IRQn=true\:0\:0\:false\:false\:true\:false\:false\:false
NVIC.MemoryManagement_IRQn=true\:0\:0\:false\:false\:true\:false\:false\:false
NVIC.NonMaskableInt_IRQn=true\:0\:0\:false\:false\:true\:false\:false\:false
NVIC.PendSV_IRQn=true\:0\:0\:false\:false\:true\:false\:false\:false
NVIC.PriorityGroup=NVIC_PRIORITYGROUP_4
NVIC.SVCall_IRQn=true\:0\:0\:false\:false\:true\:false\:false\:false
NVIC.SysTick_IRQn=true\:15\:0\:false\:false\:true\:false\:true\:false
NVIC.UsageFault_IRQn=true\:0\:0\:false\:false\:true\:false\:false\:false
PA0.GPIOParameters=GPIO_Label
PA0.GPIO_Label=PERIPH_INT_1
PA0.Locked=true
PA0.Signal=GPIO_Input
PA1.Locked=true
PA1.Mode=Full_Duplex_Master
PA1.Signal=SPI1_SCK
PA10.GPIOParameters=GPIO_Label
PA10.GPIO_Label=CAN1_SILENT
PA10.Locked=true
PA10.Signal=GPIO_Output
PA11.Locked=true
PA11.Mode=CAN_Activate
PA11.Signal=CAN1_RX
PA12.Locked=true
PA12.Mode=CAN_Activate
PA12.Signal=CAN1_TX
PA13\ (JTMS/SWDIO).Locked=true
PA13\ (JTMS/SWDIO).Mode=Trace_Asynchronous_SW
PA13\ (JTMS/SWDIO).Signal=SYS_JTMS-SWDIO
PA14\ (JTCK/SWCLK).Locked=true
PA14\ (JTCK/SWCLK).Mode=Trace_Asynchronous_SW
PA14\ (JTCK/SWCLK).Signal=SYS_JTCK-SWCLK
PA15\ (JTDI).GPIOParameters=GPIO_Label
PA15\ (JTDI).GPIO_Label=SPI1_SPI3_CS
PA15\ (JTDI).Locked=true
PA15\ (JTDI).Mode=NSS_Signal_Hard_Output
PA15\ (JTDI).Signal=SPI1_NSS
PA2.GPIOParameters=GPIO_Label
PA2.GPIO_Label=BOARD_ID_VERSION
PA2.Locked=true
PA2.Signal=ADCx_IN7
PA6.GPIOParameters=GPIO_Label
PA6.GPIO_Label=BOARD_ID_PWR
PA6.Locked=true
PA6.Signal=GPIO_Output
PA7.GPIOParameters=GPIO_Label
PA7.GPIO_Label=BOARD_ID_SENS
PA7.Locked=true
PA7.Signal=ADCx_IN12
PA8.GPIOParameters=GPIO_Label
PA8.GPIO_Label=PERIPH_INT_3
PA8.Locked=true
PA8.Signal=GPIO_Input
PA9.GPIOParameters=GPIO_Label
PA9.GPIO_Label=CAN1_SHUTDOWN
PA9.Locked=true
PA9.Signal=GPIO_Output
PB10.Locked=true
PB10.Mode=I2C
PB10.Signal=I2C2_SCL
PB11.Locked=true
PB11.Mode=I2C
PB11.Signal=I2C2_SDA
PB12.GPIOParameters=GPIO_Label
PB12.GPIO_Label=SPI2_CS
PB12.Locked=true
PB12.Mode=NSS_Signal_Hard_Output
PB12.Signal=SPI2_NSS
PB13.Locked=true
PB13.Mode=Full_Duplex_Master
PB13.Signal=SPI2_SCK
PB14.Locked=true
PB14.Mode=Full_Duplex_Master
PB14.Signal=SPI2_MISO
PB15.Locked=true
PB15.Mode=Full_Duplex_Master
PB15.Signal=SPI2_MOSI
PB3\ (JTDO/TRACESWO).Locked=true
PB3\ (JTDO/TRACESWO).Mode=Trace_Asynchronous_SW
PB3\ (JTDO/TRACESWO).Signal=SYS_JTDO-SWO
PB4\ (NJTRST).Locked=true
PB4\ (NJTRST).Mode=Full_Duplex_Master
PB4\ (NJTRST).Signal=SPI1_MISO
PB5.Locked=true
PB5.Mode=Full_Duplex_Master
PB5.Signal=SPI1_MOSI
PB6.Locked=true
PB6.Mode=I2C
PB6.Signal=I2C1_SCL
PB7.Locked=true
PB7.Mode=I2C
PB7.Signal=I2C1_SDA
PC0.Locked=true
PC0.Mode=I2C
PC0.Signal=I2C3_SCL
PC1.Locked=true
PC1.Mode=I2C
PC1.Signal=I2C3_SDA
PC10.Locked=true
PC10.Mode=Full_Duplex_Master
PC10.Signal=SPI3_SCK
PC11.Locked=true
PC11.Mode=Full_Duplex_Master
PC11.Signal=SPI3_MISO
PC12.Locked=true
PC12.Mode=Full_Duplex_Master
PC12.Signal=SPI3_MOSI
PC13.GPIOParameters=GPIO_Label
PC13.GPIO_Label=PERIPH_INT_2
PC13.Locked=true
PC13.Signal=GPIO_Input
PC15-OSC32_OUT\ (PC15).GPIOParameters=GPIO_Label
PC15-OSC32_OUT\ (PC15).GPIO_Label=DEBUG_LED
PC15-OSC32_OUT\ (PC15).Signal=GPIO_Output
PC6.GPIOParameters=GPIO_Label
PC6.GPIO_Label=SWO_CTRL
PC6.Locked=true
PC6.Signal=GPIO_Output
PC7.GPIOParameters=GPIO_Label
PC7.GPIO_Label=SWCLK_CTRL
PC7.Locked=true
PC7.Signal=GPIO_Output
PC8.GPIOParameters=GPIO_Label
PC8.GPIO_Label=NRST_CTRL
PC8.Locked=true
PC8.Signal=GPIO_Output
PC9.GPIOParameters=GPIO_Label
PC9.GPIO_Label=SWDIO_CTRL
PC9.Locked=true
PC9.Signal=GPIO_Output
PH3-BOOT0\ (BOOT0).Locked=true
PinOutPanel.RotationAngle=0
ProjectManager.AskForMigrate=true
ProjectManager.BackupPrevious=false
ProjectManager.CompilerLinker=GCC
ProjectManager.CompilerOptimize=6
ProjectManager.ComputerToolchain=false
ProjectManager.CoupleFile=false
ProjectManager.CustomerFirmwarePackage=
ProjectManager.DefaultFWLocation=true
ProjectManager.DeletePrevious=true
ProjectManager.DeviceId=STM32L452RETx
ProjectManager.FirmwarePackage=STM32Cube FW_L4 V1.18.2
ProjectManager.FreePins=false
ProjectManager.FreePinsContext=
ProjectManager.HalAssertFull=false
ProjectManager.HeapSize=0x200
ProjectManager.KeepUserCode=true
ProjectManager.LastFirmware=true
ProjectManager.LibraryCopy=0
ProjectManager.MainLocation=Core/Src
ProjectManager.NoMain=false
ProjectManager.PreviousToolchain=
ProjectManager.ProjectBuild=false
ProjectManager.ProjectFileName=mcu.ioc
ProjectManager.ProjectName=mcu
ProjectManager.ProjectStructure=
ProjectManager.RegisterCallBack=
ProjectManager.StackSize=0x400
ProjectManager.TargetToolchain=EWARM V8.32
ProjectManager.ToolChainLocation=
ProjectManager.UAScriptAfterPath=
ProjectManager.UAScriptBeforePath=
ProjectManager.UnderRoot=false
ProjectManager.functionlistsort=1-SystemClock_Config-RCC-false-HAL-false,2-MX_GPIO_Init-GPIO-false-HAL-true,3-MX_CAN1_Init-CAN1-false-HAL-true,4-MX_I2C1_Init-I2C1-false-HAL-true,5-MX_I2C2_Init-I2C2-false-HAL-true,6-MX_I2C3_Init-I2C3-false-HAL-true,7-MX_SPI3_Init-SPI3-false-HAL-true
RCC.FamilyName=M
RCC.HSE_VALUE=8000000
RCC.HSI48_VALUE=48000000
RCC.HSI_VALUE=16000000
RCC.IPParameters=FamilyName,HSE_VALUE,HSI48_VALUE,HSI_VALUE,LSCOPinFreq_Value,LSE_VALUE,LSI_VALUE,MSI_VALUE,PLLPoutputFreq_Value,PLLQoutputFreq_Value,PLLRCLKFreq_Value,PLLSAI1PoutputFreq_Value,PLLSAI1QoutputFreq_Value,PLLSAI1RoutputFreq_Value,SAI1Freq_Value,VCOInputFreq_Value,VCOOutputFreq_Value,VCOSAI1OutputFreq_Value
RCC.LSCOPinFreq_Value=32000
RCC.LSE_VALUE=32768
RCC.LSI_VALUE=32000
RCC.MSI_VALUE=4000000
RCC.PLLPoutputFreq_Value=4571428.571428572
RCC.PLLQoutputFreq_Value=16000000
RCC.PLLRCLKFreq_Value=16000000
RCC.PLLSAI1PoutputFreq_Value=4571428.571428572
RCC.PLLSAI1QoutputFreq_Value=16000000
RCC.PLLSAI1RoutputFreq_Value=16000000
RCC.SAI1Freq_Value=4571428.571428572
RCC.VCOInputFreq_Value=4000000
RCC.VCOOutputFreq_Value=32000000
RCC.VCOSAI1OutputFreq_Value=32000000
SH.ADCx_IN12.0=ADC1_IN12,IN12-Single-Ended
SH.ADCx_IN12.ConfNb=1
SH.ADCx_IN7.0=ADC1_IN7,IN7-Single-Ended
SH.ADCx_IN7.ConfNb=1
SPI1.CalculateBaudRate=2.0 MBits/s
SPI1.Direction=SPI_DIRECTION_2LINES
SPI1.IPParameters=VirtualType,Mode,Direction,CalculateBaudRate,VirtualNSS
SPI1.Mode=SPI_MODE_MASTER
SPI1.VirtualNSS=VM_NSSHARD
SPI1.VirtualType=VM_MASTER
SPI2.CalculateBaudRate=2.0 MBits/s
SPI2.Direction=SPI_DIRECTION_2LINES
SPI2.IPParameters=VirtualType,Mode,Direction,CalculateBaudRate,VirtualNSS
SPI2.Mode=SPI_MODE_MASTER
SPI2.VirtualNSS=VM_NSSHARD
SPI2.VirtualType=VM_MASTER
SPI3.CalculateBaudRate=2.0 MBits/s
SPI3.Direction=SPI_DIRECTION_2LINES
SPI3.IPParameters=VirtualType,Mode,Direction,CalculateBaudRate
SPI3.Mode=SPI_MODE_MASTER
SPI3.VirtualType=VM_MASTER
VP_SYS_VS_Systick.Mode=SysTick
VP_SYS_VS_Systick.Signal=SYS_VS_Systick
board=custom
